// !$*UTF8*$!
{
	archiveVersion = 1;
	classes = {
	};
	objectVersion = 50;
	objects = {

/* Begin PBXBuildFile section */
		AB289E5422F471F00098E5C1 /* AppDelegate.swift in Sources */ = {isa = PBXBuildFile; fileRef = AB289E5322F471F00098E5C1 /* AppDelegate.swift */; };
		AB289E5622F471F00098E5C1 /* ViewController.swift in Sources */ = {isa = PBXBuildFile; fileRef = AB289E5522F471F00098E5C1 /* ViewController.swift */; };
		AB289E5922F471F00098E5C1 /* Main.storyboard in Resources */ = {isa = PBXBuildFile; fileRef = AB289E5722F471F00098E5C1 /* Main.storyboard */; };
		AB289E5B22F471F10098E5C1 /* Assets.xcassets in Resources */ = {isa = PBXBuildFile; fileRef = AB289E5A22F471F10098E5C1 /* Assets.xcassets */; };
		AB289E5E22F471F10098E5C1 /* LaunchScreen.storyboard in Resources */ = {isa = PBXBuildFile; fileRef = AB289E5C22F471F10098E5C1 /* LaunchScreen.storyboard */; };
		AB289E6722F472970098E5C1 /* VNTapableLabel.swift in Sources */ = {isa = PBXBuildFile; fileRef = AB289E6622F472970098E5C1 /* VNTapableLabel.swift */; };
/* End PBXBuildFile section */

/* Begin PBXFileReference section */
		AB289E5022F471F00098E5C1 /* VNTapableLabelExample.app */ = {isa = PBXFileReference; explicitFileType = wrapper.application; includeInIndex = 0; path = VNTapableLabelExample.app; sourceTree = BUILT_PRODUCTS_DIR; };
		AB289E5322F471F00098E5C1 /* AppDelegate.swift */ = {isa = PBXFileReference; lastKnownFileType = sourcecode.swift; path = AppDelegate.swift; sourceTree = "<group>"; };
		AB289E5522F471F00098E5C1 /* ViewController.swift */ = {isa = PBXFileReference; lastKnownFileType = sourcecode.swift; path = ViewController.swift; sourceTree = "<group>"; };
		AB289E5822F471F00098E5C1 /* Base */ = {isa = PBXFileReference; lastKnownFileType = file.storyboard; name = Base; path = Base.lproj/Main.storyboard; sourceTree = "<group>"; };
		AB289E5A22F471F10098E5C1 /* Assets.xcassets */ = {isa = PBXFileReference; lastKnownFileType = folder.assetcatalog; path = Assets.xcassets; sourceTree = "<group>"; };
		AB289E5D22F471F10098E5C1 /* Base */ = {isa = PBXFileReference; lastKnownFileType = file.storyboard; name = Base; path = Base.lproj/LaunchScreen.storyboard; sourceTree = "<group>"; };
		AB289E5F22F471F10098E5C1 /* Info.plist */ = {isa = PBXFileReference; lastKnownFileType = text.plist.xml; path = Info.plist; sourceTree = "<group>"; };
		AB289E6622F472970098E5C1 /* VNTapableLabel.swift */ = {isa = PBXFileReference; lastKnownFileType = sourcecode.swift; path = VNTapableLabel.swift; sourceTree = "<group>"; };
/* End PBXFileReference section */

/* Begin PBXFrameworksBuildPhase section */
		AB289E4D22F471F00098E5C1 /* Frameworks */ = {
			isa = PBXFrameworksBuildPhase;
			buildActionMask = 2147483647;
			files = (
			);
			runOnlyForDeploymentPostprocessing = 0;
		};
/* End PBXFrameworksBuildPhase section */

/* Begin PBXGroup section */
		AB289E4722F471F00098E5C1 = {
			isa = PBXGroup;
			children = (
				AB289E5222F471F00098E5C1 /* VNTapableLabelExample */,
				AB289E5122F471F00098E5C1 /* Products */,
			);
			sourceTree = "<group>";
		};
		AB289E5122F471F00098E5C1 /* Products */ = {
			isa = PBXGroup;
			children = (
				AB289E5022F471F00098E5C1 /* VNTapableLabelExample.app */,
			);
			name = Products;
			sourceTree = "<group>";
		};
		AB289E5222F471F00098E5C1 /* VNTapableLabelExample */ = {
			isa = PBXGroup;
			children = (
				AB289E6522F471F80098E5C1 /* VNTapableLabel */,
				AB289E5322F471F00098E5C1 /* AppDelegate.swift */,
				AB289E5522F471F00098E5C1 /* ViewController.swift */,
				AB289E5722F471F00098E5C1 /* Main.storyboard */,
				AB289E5A22F471F10098E5C1 /* Assets.xcassets */,
				AB289E5C22F471F10098E5C1 /* LaunchScreen.storyboard */,
				AB289E5F22F471F10098E5C1 /* Info.plist */,
			);
			path = VNTapableLabelExample;
			sourceTree = "<group>";
		};
		AB289E6522F471F80098E5C1 /* VNTapableLabel */ = {
			isa = PBXGroup;
			children = (
				AB289E6622F472970098E5C1 /* VNTapableLabel.swift */,
			);
			path = VNTapableLabel;
			sourceTree = "<group>";
		};
/* End PBXGroup section */

/* Begin PBXNativeTarget section */
		AB289E4F22F471F00098E5C1 /* VNTapableLabelExample */ = {
			isa = PBXNativeTarget;
			buildConfigurationList = AB289E6222F471F10098E5C1 /* Build configuration list for PBXNativeTarget "VNTapableLabelExample" */;
			buildPhases = (
				AB289E4C22F471F00098E5C1 /* Sources */,
				AB289E4D22F471F00098E5C1 /* Frameworks */,
				AB289E4E22F471F00098E5C1 /* Resources */,
			);
			buildRules = (
			);
			dependencies = (
			);
			name = VNTapableLabelExample;
			productName = VNTapableLabelExample;
			productReference = AB289E5022F471F00098E5C1 /* VNTapableLabelExample.app */;
			productType = "com.apple.product-type.application";
		};
/* End PBXNativeTarget section */

/* Begin PBXProject section */
		AB289E4822F471F00098E5C1 /* Project object */ = {
			isa = PBXProject;
			attributes = {
				LastSwiftUpdateCheck = 1020;
				LastUpgradeCheck = 1020;
				ORGANIZATIONNAME = Technaharia;
				TargetAttributes = {
					AB289E4F22F471F00098E5C1 = {
						CreatedOnToolsVersion = 10.2.1;
					};
				};
			};
			buildConfigurationList = AB289E4B22F471F00098E5C1 /* Build configuration list for PBXProject "VNTapableLabelExample" */;
			compatibilityVersion = "Xcode 9.3";
			developmentRegion = en;
			hasScannedForEncodings = 0;
			knownRegions = (
				en,
				Base,
			);
			mainGroup = AB289E4722F471F00098E5C1;
			productRefGroup = AB289E5122F471F00098E5C1 /* Products */;
			projectDirPath = "";
			projectRoot = "";
			targets = (
				AB289E4F22F471F00098E5C1 /* VNTapableLabelExample */,
			);
		};
/* End PBXProject section */

/* Begin PBXResourcesBuildPhase section */
		AB289E4E22F471F00098E5C1 /* Resources */ = {
			isa = PBXResourcesBuildPhase;
			buildActionMask = 2147483647;
			files = (
				AB289E5E22F471F10098E5C1 /* LaunchScreen.storyboard in Resources */,
				AB289E5B22F471F10098E5C1 /* Assets.xcassets in Resources */,
				AB289E5922F471F00098E5C1 /* Main.storyboard in Resources */,
			);
			runOnlyForDeploymentPostprocessing = 0;
		};
/* End PBXResourcesBuildPhase section */

/* Begin PBXSourcesBuildPhase section */
		AB289E4C22F471F00098E5C1 /* Sources */ = {
			isa = PBXSourcesBuildPhase;
			buildActionMask = 2147483647;
			files = (
				AB289E5622F471F00098E5C1 /* ViewController.swift in Sources */,
				AB289E5422F471F00098E5C1 /* AppDelegate.swift in Sources */,
				AB289E6722F472970098E5C1 /* VNTapableLabel.swift in Sources */,
			);
			runOnlyForDeploymentPostprocessing = 0;
		};
/* End PBXSourcesBuildPhase section */

/* Begin PBXVariantGroup section */
		AB289E5722F471F00098E5C1 /* Main.storyboard */ = {
			isa = PBXVariantGroup;
			children = (
				AB289E5822F471F00098E5C1 /* Base */,
			);
			name = Main.storyboard;
			sourceTree = "<group>";
		};
		AB289E5C22F471F10098E5C1 /* LaunchScreen.storyboard */ = {
			isa = PBXVariantGroup;
			children = (
				AB289E5D22F471F10098E5C1 /* Base */,
			);
			name = LaunchScreen.storyboard;
			sourceTree = "<group>";
		};
/* End PBXVariantGroup section */

/* Begin XCBuildConfiguration section */
		AB289E6022F471F10098E5C1 /* Debug */ = {
			isa = XCBuildConfiguration;
			buildSettings = {
				ALWAYS_SEARCH_USER_PATHS = NO;
				CLANG_ANALYZER_NONNULL = YES;
				CLANG_ANALYZER_NUMBER_OBJECT_CONVERSION = YES_AGGRESSIVE;
				CLANG_CXX_LANGUAGE_STANDARD = "gnu++14";
				CLANG_CXX_LIBRARY = "libc++";
				CLANG_ENABLE_MODULES = YES;
				CLANG_ENABLE_OBJC_ARC = YES;
				CLANG_ENABLE_OBJC_WEAK = YES;
				CLANG_WARN_BLOCK_CAPTURE_AUTORELEASING = YES;
				CLANG_WARN_BOOL_CONVERSION = YES;
				CLANG_WARN_COMMA = YES;
				CLANG_WARN_CONSTANT_CONVERSION = YES;
				CLANG_WARN_DEPRECATED_OBJC_IMPLEMENTATIONS = YES;
				CLANG_WARN_DIRECT_OBJC_ISA_USAGE = YES_ERROR;
				CLANG_WARN_DOCUMENTATION_COMMENTS = YES;
				CLANG_WARN_EMPTY_BODY = YES;
				CLANG_WARN_ENUM_CONVERSION = YES;
				CLANG_WARN_INFINITE_RECURSION = YES;
				CLANG_WARN_INT_CONVERSION = YES;
				CLANG_WARN_NON_LITERAL_NULL_CONVERSION = YES;
				CLANG_WARN_OBJC_IMPLICIT_RETAIN_SELF = YES;
				CLANG_WARN_OBJC_LITERAL_CONVERSION = YES;
				CLANG_WARN_OBJC_ROOT_CLASS = YES_ERROR;
				CLANG_WARN_RANGE_LOOP_ANALYSIS = YES;
				CLANG_WARN_STRICT_PROTOTYPES = YES;
				CLANG_WARN_SUSPICIOUS_MOVE = YES;
				CLANG_WARN_UNGUARDED_AVAILABILITY = YES_AGGRESSIVE;
				CLANG_WARN_UNREACHABLE_CODE = YES;
				CLANG_WARN__DUPLICATE_METHOD_MATCH = YES;
				CODE_SIGN_IDENTITY = "iPhone Developer";
				COPY_PHASE_STRIP = NO;
				DEBUG_INFORMATION_FORMAT = dwarf;
				ENABLE_STRICT_OBJC_MSGSEND = YES;
				ENABLE_TESTABILITY = YES;
				GCC_C_LANGUAGE_STANDARD = gnu11;
				GCC_DYNAMIC_NO_PIC = NO;
				GCC_NO_COMMON_BLOCKS = YES;
				GCC_OPTIMIZATION_LEVEL = 0;
				GCC_PREPROCESSOR_DEFINITIONS = (
					"DEBUG=1",
					"$(inherited)",
				);
				GCC_WARN_64_TO_32_BIT_CONVERSION = YES;
				GCC_WARN_ABOUT_RETURN_TYPE = YES_ERROR;
				GCC_WARN_UNDECLARED_SELECTOR = YES;
				GCC_WARN_UNINITIALIZED_AUTOS = YES_AGGRESSIVE;
				GCC_WARN_UNUSED_FUNCTION = YES;
				GCC_WARN_UNUSED_VARIABLE = YES;
				IPHONEOS_DEPLOYMENT_TARGET = 12.2;
				MTL_ENABLE_DEBUG_INFO = INCLUDE_SOURCE;
				MTL_FAST_MATH = YES;
				ONLY_ACTIVE_ARCH = YES;
				SDKROOT = iphoneos;
				SWIFT_ACTIVE_COMPILATION_CONDITIONS = DEBUG;
				SWIFT_OPTIMIZATION_LEVEL = "-Onone";
			};
			name = Debug;
		};
		AB289E6122F471F10098E5C1 /* Release */ = {
			isa = XCBuildConfiguration;
			buildSettings = {
				ALWAYS_SEARCH_USER_PATHS = NO;
				CLANG_ANALYZER_NONNULL = YES;
				CLANG_ANALYZER_NUMBER_OBJECT_CONVERSION = YES_AGGRESSIVE;
				CLANG_CXX_LANGUAGE_STANDARD = "gnu++14";
				CLANG_CXX_LIBRARY = "libc++";
				CLANG_ENABLE_MODULES = YES;
				CLANG_ENABLE_OBJC_ARC = YES;
				CLANG_ENABLE_OBJC_WEAK = YES;
				CLANG_WARN_BLOCK_CAPTURE_AUTORELEASING = YES;
				CLANG_WARN_BOOL_CONVERSION = YES;
				CLANG_WARN_COMMA = YES;
				CLANG_WARN_CONSTANT_CONVERSION = YES;
				CLANG_WARN_DEPRECATED_OBJC_IMPLEMENTATIONS = YES;
				CLANG_WARN_DIRECT_OBJC_ISA_USAGE = YES_ERROR;
				CLANG_WARN_DOCUMENTATION_COMMENTS = YES;
				CLANG_WARN_EMPTY_BODY = YES;
				CLANG_WARN_ENUM_CONVERSION = YES;
				CLANG_WARN_INFINITE_RECURSION = YES;
				CLANG_WARN_INT_CONVERSION = YES;
				CLANG_WARN_NON_LITERAL_NULL_CONVERSION = YES;
				CLANG_WARN_OBJC_IMPLICIT_RETAIN_SELF = YES;
				CLANG_WARN_OBJC_LITERAL_CONVERSION = YES;
				CLANG_WARN_OBJC_ROOT_CLASS = YES_ERROR;
				CLANG_WARN_RANGE_LOOP_ANALYSIS = YES;
				CLANG_WARN_STRICT_PROTOTYPES = YES;
				CLANG_WARN_SUSPICIOUS_MOVE = YES;
				CLANG_WARN_UNGUARDED_AVAILABILITY = YES_AGGRESSIVE;
				CLANG_WARN_UNREACHABLE_CODE = YES;
				CLANG_WARN__DUPLICATE_METHOD_MATCH = YES;
				CODE_SIGN_IDENTITY = "iPhone Developer";
				COPY_PHASE_STRIP = NO;
				DEBUG_INFORMATION_FORMAT = "dwarf-with-dsym";
				ENABLE_NS_ASSERTIONS = NO;
				ENABLE_STRICT_OBJC_MSGSEND = YES;
				GCC_C_LANGUAGE_STANDARD = gnu11;
				GCC_NO_COMMON_BLOCKS = YES;
				GCC_WARN_64_TO_32_BIT_CONVERSION = YES;
				GCC_WARN_ABOUT_RETURN_TYPE = YES_ERROR;
				GCC_WARN_UNDECLARED_SELECTOR = YES;
				GCC_WARN_UNINITIALIZED_AUTOS = YES_AGGRESSIVE;
				GCC_WARN_UNUSED_FUNCTION = YES;
				GCC_WARN_UNUSED_VARIABLE = YES;
				IPHONEOS_DEPLOYMENT_TARGET = 12.2;
				MTL_ENABLE_DEBUG_INFO = NO;
				MTL_FAST_MATH = YES;
				SDKROOT = iphoneos;
				SWIFT_COMPILATION_MODE = wholemodule;
				SWIFT_OPTIMIZATION_LEVEL = "-O";
				VALIDATE_PRODUCT = YES;
			};
			name = Release;
		};
		AB289E6322F471F10098E5C1 /* Debug */ = {
			isa = XCBuildConfiguration;
			buildSettings = {
				ASSETCATALOG_COMPILER_APPICON_NAME = AppIcon;
				CODE_SIGN_STYLE = Automatic;
				DEVELOPMENT_TEAM = NRQKWPD8YA;
				INFOPLIST_FILE = VNTapableLabelExample/Info.plist;
				LD_RUNPATH_SEARCH_PATHS = (
					"$(inherited)",
					"@executable_path/Frameworks",
				);
				PRODUCT_BUNDLE_IDENTIFIER = in.technaharia.VNTapableLabelExample;
				PRODUCT_NAME = "$(TARGET_NAME)";
				SWIFT_VERSION = 5.0;
				TARGETED_DEVICE_FAMILY = "1,2";
			};
			name = Debug;
		};
		AB289E6422F471F10098E5C1 /* Release */ = {
			isa = XCBuildConfiguration;
			buildSettings = {
				ASSETCATALOG_COMPILER_APPICON_NAME = AppIcon;
				CODE_SIGN_STYLE = Automatic;
				DEVELOPMENT_TEAM = NRQKWPD8YA;
				INFOPLIST_FILE = VNTapableLabelExample/Info.plist;
				LD_RUNPATH_SEARCH_PATHS = (
					"$(inherited)",
					"@executable_path/Frameworks",
				);
				PRODUCT_BUNDLE_IDENTIFIER = in.technaharia.VNTapableLabelExample;
				PRODUCT_NAME = "$(TARGET_NAME)";
				SWIFT_VERSION = 5.0;
				TARGETED_DEVICE_FAMILY = "1,2";
			};
			name = Release;
		};
/* End XCBuildConfiguration section */

/* Begin XCConfigurationList section */
		AB289E4B22F471F00098E5C1 /* Build configuration list for PBXProject "VNTapableLabelExample" */ = {
			isa = XCConfigurationList;
			buildConfigurations = (
				AB289E6022F471F10098E5C1 /* Debug */,
				AB289E6122F471F10098E5C1 /* Release */,
			);
			defaultConfigurationIsVisible = 0;
			defaultConfigurationName = Release;
		};
		AB289E6222F471F10098E5C1 /* Build configuration list for PBXNativeTarget "VNTapableLabelExample" */ = {
			isa = XCConfigurationList;
			buildConfigurations = (
				AB289E6322F471F10098E5C1 /* Debug */,
				AB289E6422F471F10098E5C1 /* Release */,
			);
			defaultConfigurationIsVisible = 0;
			defaultConfigurationName = Release;
		};
/* End XCConfigurationList section */
	};
	rootObject = AB289E4822F471F00098E5C1 /* Project object */;
}
